
Microsoft Visual Studio Solution File, Format Version 12.00
# Visual Studio Version 17
VisualStudioVersion = 17.0.32112.339
MinimumVisualStudioVersion = 10.0.40219.1
Project("{9A19103F-16F7-4668-BE54-9A1E7A4F7556}") = "KT.Utils.Interfaces", "KT.Utils.Interfaces\KT.Utils.Interfaces.csproj", "{C1715D25-BEEE-4312-92D3-BB52D0D0A536}"
EndProject
Project("{9A19103F-16F7-4668-BE54-9A1E7A4F7556}") = "KT.Utils.Cache", "KT.Utils.Cache\KT.Utils.Cache.csproj", "{D1E32829-B8E1-44A3-AFEF-DAF68125D6A3}"
EndProject
Project("{2150E333-8FDC-42A3-9474-1A3956D46DE8}") = "Utils", "Utils", "{B6D9F63F-6306-46F2-BE4C-53EACC15EC84}"
EndProject
Project("{9A19103F-16F7-4668-BE54-9A1E7A4F7556}") = "KT.Common", "KT.Common\KT.Common.csproj", "{3F3B75AA-33AD-4E85-BE8F-B0F07D08F72E}"
EndProject
Project("{9A19103F-16F7-4668-BE54-9A1E7A4F7556}") = "KT.Utils.Email", "KT.Utils.Email\KT.Utils.Email.csproj", "{82DFCB27-B9C3-4B7B-AEAA-EE4007BDAF69}"
EndProject
Project("{9A19103F-16F7-4668-BE54-9A1E7A4F7556}") = "KT.Utils.Sms", "KT.Utils.Sms\KT.Utils.Sms.csproj", "{FCD5E4C4-9DF5-4C9F-84F3-D1CC1FF4DFC1}"
EndProject
Project("{9A19103F-16F7-4668-BE54-9A1E7A4F7556}") = "KT.Utils.ShareFile", "KT.Utils.ShareFile\KT.Utils.ShareFile.csproj", "{E1B2FF79-3117-4ECC-B2ED-D0D5B5B7B282}"
EndProject
Project("{9A19103F-16F7-4668-BE54-9A1E7A4F7556}") = "KT.Utils.Log", "KT.Utils.Log\KT.Utils.Log.csproj", "{8E2D91D3-DB29-4765-9A04-47599C7FA63D}"
EndProject
Project("{2150E333-8FDC-42A3-9474-1A3956D46DE8}") = "DB", "DB", "{5CD5A08A-DDF7-49C9-8C65-CB656DA4B53B}"
EndProject
Project("{9A19103F-16F7-4668-BE54-9A1E7A4F7556}") = "KT.Utils.Mapper", "KT.Utils.Mapper\KT.Utils.Mapper.csproj", "{E9DD7C54-A0B6-4497-AE92-80DAD2A17A0A}"
EndProject
Project("{9A19103F-16F7-4668-BE54-9A1E7A4F7556}") = "KT.Utils.AppSetting", "KT.Utils.AppSetting\KT.Utils.AppSetting.csproj", "{2ECB64D3-AC07-463F-B82B-805C6B175C41}"
EndProject
Project("{9A19103F-16F7-4668-BE54-9A1E7A4F7556}") = "KT.Db.Repository", "KT.Db.Repository\KT.Db.Repository.csproj", "{F2BC6B0E-41A9-49C4-A21F-BD904A30A390}"
EndProject
Project("{9A19103F-16F7-4668-BE54-9A1E7A4F7556}") = "KT.Utils.SendGrid", "KT.Utils.SendGrid\KT.Utils.SendGrid.csproj", "{972CF922-360C-4E93-BB84-4A782BFCA530}"
EndProject
Global
	GlobalSection(SolutionConfigurationPlatforms) = preSolution
		Debug|Any CPU = Debug|Any CPU
		Release|Any CPU = Release|Any CPU
	EndGlobalSection
	GlobalSection(ProjectConfigurationPlatforms) = postSolution
		{C1715D25-BEEE-4312-92D3-BB52D0D0A536}.Debug|Any CPU.ActiveCfg = Debug|Any CPU
		{C1715D25-BEEE-4312-92D3-BB52D0D0A536}.Debug|Any CPU.Build.0 = Debug|Any CPU
		{C1715D25-BEEE-4312-92D3-BB52D0D0A536}.Release|Any CPU.ActiveCfg = Release|Any CPU
		{C1715D25-BEEE-4312-92D3-BB52D0D0A536}.Release|Any CPU.Build.0 = Release|Any CPU
		{D1E32829-B8E1-44A3-AFEF-DAF68125D6A3}.Debug|Any CPU.ActiveCfg = Debug|Any CPU
		{D1E32829-B8E1-44A3-AFEF-DAF68125D6A3}.Debug|Any CPU.Build.0 = Debug|Any CPU
		{D1E32829-B8E1-44A3-AFEF-DAF68125D6A3}.Release|Any CPU.ActiveCfg = Release|Any CPU
		{D1E32829-B8E1-44A3-AFEF-DAF68125D6A3}.Release|Any CPU.Build.0 = Release|Any CPU
		{3F3B75AA-33AD-4E85-BE8F-B0F07D08F72E}.Debug|Any CPU.ActiveCfg = Debug|Any CPU
		{3F3B75AA-33AD-4E85-BE8F-B0F07D08F72E}.Debug|Any CPU.Build.0 = Debug|Any CPU
		{3F3B75AA-33AD-4E85-BE8F-B0F07D08F72E}.Release|Any CPU.ActiveCfg = Release|Any CPU
		{3F3B75AA-33AD-4E85-BE8F-B0F07D08F72E}.Release|Any CPU.Build.0 = Release|Any CPU
		{82DFCB27-B9C3-4B7B-AEAA-EE4007BDAF69}.Debug|Any CPU.ActiveCfg = Debug|Any CPU
		{82DFCB27-B9C3-4B7B-AEAA-EE4007BDAF69}.Debug|Any CPU.Build.0 = Debug|Any CPU
		{82DFCB27-B9C3-4B7B-AEAA-EE4007BDAF69}.Release|Any CPU.ActiveCfg = Release|Any CPU
		{82DFCB27-B9C3-4B7B-AEAA-EE4007BDAF69}.Release|Any CPU.Build.0 = Release|Any CPU
		{FCD5E4C4-9DF5-4C9F-84F3-D1CC1FF4DFC1}.Debug|Any CPU.ActiveCfg = Debug|Any CPU
		{FCD5E4C4-9DF5-4C9F-84F3-D1CC1FF4DFC1}.Debug|Any CPU.Build.0 = Debug|Any CPU
		{FCD5E4C4-9DF5-4C9F-84F3-D1CC1FF4DFC1}.Release|Any CPU.ActiveCfg = Release|Any CPU
		{FCD5E4C4-9DF5-4C9F-84F3-D1CC1FF4DFC1}.Release|Any CPU.Build.0 = Release|Any CPU
		{E1B2FF79-3117-4ECC-B2ED-D0D5B5B7B282}.Debug|Any CPU.ActiveCfg = Debug|Any CPU
		{E1B2FF79-3117-4ECC-B2ED-D0D5B5B7B282}.Debug|Any CPU.Build.0 = Debug|Any CPU
		{E1B2FF79-3117-4ECC-B2ED-D0D5B5B7B282}.Release|Any CPU.ActiveCfg = Release|Any CPU
		{E1B2FF79-3117-4ECC-B2ED-D0D5B5B7B282}.Release|Any CPU.Build.0 = Release|Any CPU
		{8E2D91D3-DB29-4765-9A04-47599C7FA63D}.Debug|Any CPU.ActiveCfg = Debug|Any CPU
		{8E2D91D3-DB29-4765-9A04-47599C7FA63D}.Debug|Any CPU.Build.0 = Debug|Any CPU
		{8E2D91D3-DB29-4765-9A04-47599C7FA63D}.Release|Any CPU.ActiveCfg = Release|Any CPU
		{8E2D91D3-DB29-4765-9A04-47599C7FA63D}.Release|Any CPU.Build.0 = Release|Any CPU
		{E9DD7C54-A0B6-4497-AE92-80DAD2A17A0A}.Debug|Any CPU.ActiveCfg = Debug|Any CPU
		{E9DD7C54-A0B6-4497-AE92-80DAD2A17A0A}.Debug|Any CPU.Build.0 = Debug|Any CPU
		{E9DD7C54-A0B6-4497-AE92-80DAD2A17A0A}.Release|Any CPU.ActiveCfg = Release|Any CPU
		{E9DD7C54-A0B6-4497-AE92-80DAD2A17A0A}.Release|Any CPU.Build.0 = Release|Any CPU
		{2ECB64D3-AC07-463F-B82B-805C6B175C41}.Debug|Any CPU.ActiveCfg = Debug|Any CPU
		{2ECB64D3-AC07-463F-B82B-805C6B175C41}.Debug|Any CPU.Build.0 = Debug|Any CPU
		{2ECB64D3-AC07-463F-B82B-805C6B175C41}.Release|Any CPU.ActiveCfg = Release|Any CPU
		{2ECB64D3-AC07-463F-B82B-805C6B175C41}.Release|Any CPU.Build.0 = Release|Any CPU
		{F2BC6B0E-41A9-49C4-A21F-BD904A30A390}.Debug|Any CPU.ActiveCfg = Debug|Any CPU
		{F2BC6B0E-41A9-49C4-A21F-BD904A30A390}.Debug|Any CPU.Build.0 = Debug|Any CPU
		{F2BC6B0E-41A9-49C4-A21F-BD904A30A390}.Release|Any CPU.ActiveCfg = Release|Any CPU
		{F2BC6B0E-41A9-49C4-A21F-BD904A30A390}.Release|Any CPU.Build.0 = Release|Any CPU
		{972CF922-360C-4E93-BB84-4A782BFCA530}.Debug|Any CPU.ActiveCfg = Debug|Any CPU
		{972CF922-360C-4E93-BB84-4A782BFCA530}.Debug|Any CPU.Build.0 = Debug|Any CPU
		{972CF922-360C-4E93-BB84-4A782BFCA530}.Release|Any CPU.ActiveCfg = Release|Any CPU
		{972CF922-360C-4E93-BB84-4A782BFCA530}.Release|Any CPU.Build.0 = Release|Any CPU
	EndGlobalSection
	GlobalSection(SolutionProperties) = preSolution
		HideSolutionNode = FALSE
	EndGlobalSection
	GlobalSection(NestedProjects) = preSolution
		{D1E32829-B8E1-44A3-AFEF-DAF68125D6A3} = {B6D9F63F-6306-46F2-BE4C-53EACC15EC84}
		{82DFCB27-B9C3-4B7B-AEAA-EE4007BDAF69} = {B6D9F63F-6306-46F2-BE4C-53EACC15EC84}
		{FCD5E4C4-9DF5-4C9F-84F3-D1CC1FF4DFC1} = {B6D9F63F-6306-46F2-BE4C-53EACC15EC84}
		{E1B2FF79-3117-4ECC-B2ED-D0D5B5B7B282} = {B6D9F63F-6306-46F2-BE4C-53EACC15EC84}
		{8E2D91D3-DB29-4765-9A04-47599C7FA63D} = {B6D9F63F-6306-46F2-BE4C-53EACC15EC84}
		{E9DD7C54-A0B6-4497-AE92-80DAD2A17A0A} = {B6D9F63F-6306-46F2-BE4C-53EACC15EC84}
		{2ECB64D3-AC07-463F-B82B-805C6B175C41} = {B6D9F63F-6306-46F2-BE4C-53EACC15EC84}
		{F2BC6B0E-41A9-49C4-A21F-BD904A30A390} = {5CD5A08A-DDF7-49C9-8C65-CB656DA4B53B}
		{972CF922-360C-4E93-BB84-4A782BFCA530} = {B6D9F63F-6306-46F2-BE4C-53EACC15EC84}
	EndGlobalSection
	GlobalSection(ExtensibilityGlobals) = postSolution
		SolutionGuid = {AEDA3A69-1197-44D5-BFD4-BF95A9EA78E9}
	EndGlobalSection
EndGlobal
